
Microsoft Visual Studio Solution File, Format Version 12.00
# Visual Studio Version 17
VisualStudioVersion = 17.4.33122.133
MinimumVisualStudioVersion = 10.0.40219.1
Project("{FAE04EC0-301F-11D3-BF4B-00C04F79EFBC}") = "BankManagementSystem", "BankManagementSystem\BankManagementSystem.csproj", "{EA4FB277-6BFD-4DA3-9141-2F6813EE736F}"
EndProject
Global
	GlobalSection(SolutionConfigurationPlatforms) = preSolution
		Debug|Any CPU = Debug|Any CPU
		Release|Any CPU = Release|Any CPU
	EndGlobalSection
	GlobalSection(ProjectConfigurationPlatforms) = postSolution
		{EA4FB277-6BFD-4DA3-9141-2F6813EE736F}.Debug|Any CPU.ActiveCfg = Debug|Any CPU
		{EA4FB277-6BFD-4DA3-9141-2F6813EE736F}.Debug|Any CPU.Build.0 = Debug|Any CPU
		{EA4FB277-6BFD-4DA3-9141-2F6813EE736F}.Release|Any CPU.ActiveCfg = Release|Any CPU
		{EA4FB277-6BFD-4DA3-9141-2F6813EE736F}.Release|Any CPU.Build.0 = Release|Any CPU
	EndGlobalSection
	GlobalSection(SolutionProperties) = preSolution
		HideSolutionNode = FALSE
	EndGlobalSection
	GlobalSection(ExtensibilityGlobals) = postSolution
		SolutionGuid = {93C057C2-1925-40AB-8A11-A3C6998520EA}
	EndGlobalSection
EndGlobal
